// !$*UTF8*$!
{
	archiveVersion = 1;
	classes = {
	};
	objectVersion = 48;
	objects = {

/* Begin PBXBuildFile section */
		FCFB8B9E2029DC8B0067714C /* AppDelegate.swift in Sources */ = {isa = PBXBuildFile; fileRef = FCFB8B9D2029DC8B0067714C /* AppDelegate.swift */; };
		FCFB8BA02029DC8B0067714C /* ViewController.swift in Sources */ = {isa = PBXBuildFile; fileRef = FCFB8B9F2029DC8B0067714C /* ViewController.swift */; };
		FCFB8BA32029DC8B0067714C /* Main.storyboard in Resources */ = {isa = PBXBuildFile; fileRef = FCFB8BA12029DC8B0067714C /* Main.storyboard */; };
		FCFB8BA52029DC8B0067714C /* Assets.xcassets in Resources */ = {isa = PBXBuildFile; fileRef = FCFB8BA42029DC8B0067714C /* Assets.xcassets */; };
		FCFB8BA82029DC8B0067714C /* LaunchScreen.storyboard in Resources */ = {isa = PBXBuildFile; fileRef = FCFB8BA62029DC8B0067714C /* LaunchScreen.storyboard */; };
		FCFB8BB02029E7F50067714C /* pokemon.csv in Resources */ = {isa = PBXBuildFile; fileRef = FCFB8BAF2029E7890067714C /* pokemon.csv */; };
		FCFB8BB52029EB7F0067714C /* Pokemon.swift in Sources */ = {isa = PBXBuildFile; fileRef = FCFB8BB42029EB7F0067714C /* Pokemon.swift */; };
		FCFB8BB72029F63C0067714C /* PokeCell.swift in Sources */ = {isa = PBXBuildFile; fileRef = FCFB8BB62029F63C0067714C /* PokeCell.swift */; };
		FCFB8BB92029FF410067714C /* csv.swift in Sources */ = {isa = PBXBuildFile; fileRef = FCFB8BB82029FF410067714C /* csv.swift */; };
		FCFB8BBE202A2E710067714C /* music.png in Resources */ = {isa = PBXBuildFile; fileRef = FCFB8BBD202A2E710067714C /* music.png */; };
		FCFB8BC0202A2E9B0067714C /* music.mp3 in Resources */ = {isa = PBXBuildFile; fileRef = FCFB8BBF202A2E9B0067714C /* music.mp3 */; };
/* End PBXBuildFile section */

/* Begin PBXFileReference section */
		FCFB8B9A2029DC8B0067714C /* pokedex.app */ = {isa = PBXFileReference; explicitFileType = wrapper.application; includeInIndex = 0; path = pokedex.app; sourceTree = BUILT_PRODUCTS_DIR; };
		FCFB8B9D2029DC8B0067714C /* AppDelegate.swift */ = {isa = PBXFileReference; lastKnownFileType = sourcecode.swift; path = AppDelegate.swift; sourceTree = "<group>"; };
		FCFB8B9F2029DC8B0067714C /* ViewController.swift */ = {isa = PBXFileReference; lastKnownFileType = sourcecode.swift; path = ViewController.swift; sourceTree = "<group>"; };
		FCFB8BA22029DC8B0067714C /* Base */ = {isa = PBXFileReference; lastKnownFileType = file.storyboard; name = Base; path = Base.lproj/Main.storyboard; sourceTree = "<group>"; };
		FCFB8BA42029DC8B0067714C /* Assets.xcassets */ = {isa = PBXFileReference; lastKnownFileType = folder.assetcatalog; path = Assets.xcassets; sourceTree = "<group>"; };
		FCFB8BA72029DC8B0067714C /* Base */ = {isa = PBXFileReference; lastKnownFileType = file.storyboard; name = Base; path = Base.lproj/LaunchScreen.storyboard; sourceTree = "<group>"; };
		FCFB8BA92029DC8B0067714C /* Info.plist */ = {isa = PBXFileReference; lastKnownFileType = text.plist.xml; path = Info.plist; sourceTree = "<group>"; };
		FCFB8BAF2029E7890067714C /* pokemon.csv */ = {isa = PBXFileReference; fileEncoding = 4; lastKnownFileType = text; path = pokemon.csv; sourceTree = "<group>"; };
		FCFB8BB42029EB7F0067714C /* Pokemon.swift */ = {isa = PBXFileReference; lastKnownFileType = sourcecode.swift; path = Pokemon.swift; sourceTree = "<group>"; };
		FCFB8BB62029F63C0067714C /* PokeCell.swift */ = {isa = PBXFileReference; lastKnownFileType = sourcecode.swift; path = PokeCell.swift; sourceTree = "<group>"; };
		FCFB8BB82029FF410067714C /* csv.swift */ = {isa = PBXFileReference; fileEncoding = 4; lastKnownFileType = sourcecode.swift; path = csv.swift; sourceTree = "<group>"; };
		FCFB8BBA202A2CE60067714C /* pokemon.ttf */ = {isa = PBXFileReference; lastKnownFileType = file; path = pokemon.ttf; sourceTree = "<group>"; };
		FCFB8BBD202A2E710067714C /* music.png */ = {isa = PBXFileReference; lastKnownFileType = image.png; path = music.png; sourceTree = "<group>"; };
		FCFB8BBF202A2E9B0067714C /* music.mp3 */ = {isa = PBXFileReference; lastKnownFileType = audio.mp3; path = music.mp3; sourceTree = "<group>"; };
/* End PBXFileReference section */

/* Begin PBXFrameworksBuildPhase section */
		FCFB8B972029DC8B0067714C /* Frameworks */ = {
			isa = PBXFrameworksBuildPhase;
			buildActionMask = 2147483647;
			files = (
			);
			runOnlyForDeploymentPostprocessing = 0;
		};
/* End PBXFrameworksBuildPhase section */

/* Begin PBXGroup section */
		FCFB8B912029DC8B0067714C = {
			isa = PBXGroup;
			children = (
				FCFB8B9C2029DC8B0067714C /* pokedex */,
				FCFB8B9B2029DC8B0067714C /* Products */,
			);
			sourceTree = "<group>";
		};
		FCFB8B9B2029DC8B0067714C /* Products */ = {
			isa = PBXGroup;
			children = (
				FCFB8B9A2029DC8B0067714C /* pokedex.app */,
			);
			name = Products;
			sourceTree = "<group>";
		};
		FCFB8B9C2029DC8B0067714C /* pokedex */ = {
			isa = PBXGroup;
			children = (
				FCFB8BB32029EB6E0067714C /* Model */,
				FCFB8BB22029EB680067714C /* View */,
				FCFB8BB12029EB610067714C /* Controller */,
				FCFB8BBB202A2D100067714C /* Resources */,
				FCFB8BBC202A2D2F0067714C /* Util */,
				FCFB8B9D2029DC8B0067714C /* AppDelegate.swift */,
				FCFB8BA12029DC8B0067714C /* Main.storyboard */,
				FCFB8BA42029DC8B0067714C /* Assets.xcassets */,
				FCFB8BA62029DC8B0067714C /* LaunchScreen.storyboard */,
				FCFB8BA92029DC8B0067714C /* Info.plist */,
			);
			path = pokedex;
			sourceTree = "<group>";
		};
		FCFB8BB12029EB610067714C /* Controller */ = {
			isa = PBXGroup;
			children = (
				FCFB8B9F2029DC8B0067714C /* ViewController.swift */,
			);
			path = Controller;
			sourceTree = "<group>";
		};
		FCFB8BB22029EB680067714C /* View */ = {
			isa = PBXGroup;
			children = (
				FCFB8BB62029F63C0067714C /* PokeCell.swift */,
			);
			path = View;
			sourceTree = "<group>";
		};
		FCFB8BB32029EB6E0067714C /* Model */ = {
			isa = PBXGroup;
			children = (
				FCFB8BB42029EB7F0067714C /* Pokemon.swift */,
			);
			path = Model;
			sourceTree = "<group>";
		};
		FCFB8BBB202A2D100067714C /* Resources */ = {
			isa = PBXGroup;
			children = (
				FCFB8BBD202A2E710067714C /* music.png */,
				FCFB8BBF202A2E9B0067714C /* music.mp3 */,
				FCFB8BBA202A2CE60067714C /* pokemon.ttf */,
				FCFB8BAF2029E7890067714C /* pokemon.csv */,
			);
			path = Resources;
			sourceTree = "<group>";
		};
		FCFB8BBC202A2D2F0067714C /* Util */ = {
			isa = PBXGroup;
			children = (
				FCFB8BB82029FF410067714C /* csv.swift */,
			);
			path = Util;
			sourceTree = "<group>";
		};
/* End PBXGroup section */

/* Begin PBXNativeTarget section */
		FCFB8B992029DC8B0067714C /* pokedex */ = {
			isa = PBXNativeTarget;
			buildConfigurationList = FCFB8BAC2029DC8B0067714C /* Build configuration list for PBXNativeTarget "pokedex" */;
			buildPhases = (
				FCFB8B962029DC8B0067714C /* Sources */,
				FCFB8B972029DC8B0067714C /* Frameworks */,
				FCFB8B982029DC8B0067714C /* Resources */,
			);
			buildRules = (
			);
			dependencies = (
			);
			name = pokedex;
			productName = pokedex;
			productReference = FCFB8B9A2029DC8B0067714C /* pokedex.app */;
			productType = "com.apple.product-type.application";
		};
/* End PBXNativeTarget section */

/* Begin PBXProject section */
		FCFB8B922029DC8B0067714C /* Project object */ = {
			isa = PBXProject;
			attributes = {
				LastSwiftUpdateCheck = 0920;
				LastUpgradeCheck = 0920;
				ORGANIZATIONNAME = "Törőcsik Márton";
				TargetAttributes = {
					FCFB8B992029DC8B0067714C = {
						CreatedOnToolsVersion = 9.2;
						ProvisioningStyle = Automatic;
					};
				};
			};
			buildConfigurationList = FCFB8B952029DC8B0067714C /* Build configuration list for PBXProject "pokedex" */;
			compatibilityVersion = "Xcode 8.0";
			developmentRegion = en;
			hasScannedForEncodings = 0;
			knownRegions = (
				en,
				Base,
			);
			mainGroup = FCFB8B912029DC8B0067714C;
			productRefGroup = FCFB8B9B2029DC8B0067714C /* Products */;
			projectDirPath = "";
			projectRoot = "";
			targets = (
				FCFB8B992029DC8B0067714C /* pokedex */,
			);
		};
/* End PBXProject section */

/* Begin PBXResourcesBuildPhase section */
		FCFB8B982029DC8B0067714C /* Resources */ = {
			isa = PBXResourcesBuildPhase;
			buildActionMask = 2147483647;
			files = (
				FCFB8BBE202A2E710067714C /* music.png in Resources */,
				FCFB8BA82029DC8B0067714C /* LaunchScreen.storyboard in Resources */,
				FCFB8BC0202A2E9B0067714C /* music.mp3 in Resources */,
				FCFB8BA52029DC8B0067714C /* Assets.xcassets in Resources */,
				FCFB8BB02029E7F50067714C /* pokemon.csv in Resources */,
				FCFB8BA32029DC8B0067714C /* Main.storyboard in Resources */,
			);
			runOnlyForDeploymentPostprocessing = 0;
		};
/* End PBXResourcesBuildPhase section */

/* Begin PBXSourcesBuildPhase section */
		FCFB8B962029DC8B0067714C /* Sources */ = {
			isa = PBXSourcesBuildPhase;
			buildActionMask = 2147483647;
			files = (
				FCFB8BB72029F63C0067714C /* PokeCell.swift in Sources */,
				FCFB8BA02029DC8B0067714C /* ViewController.swift in Sources */,
				FCFB8B9E2029DC8B0067714C /* AppDelegate.swift in Sources */,
				FCFB8BB52029EB7F0067714C /* Pokemon.swift in Sources */,
				FCFB8BB92029FF410067714C /* csv.swift in Sources */,
			);
			runOnlyForDeploymentPostprocessing = 0;
		};
/* End PBXSourcesBuildPhase section */

/* Begin PBXVariantGroup section */
		FCFB8BA12029DC8B0067714C /* Main.storyboard */ = {
			isa = PBXVariantGroup;
			children = (
				FCFB8BA22029DC8B0067714C /* Base */,
			);
			name = Main.storyboard;
			sourceTree = "<group>";
		};
		FCFB8BA62029DC8B0067714C /* LaunchScreen.storyboard */ = {
			isa = PBXVariantGroup;
			children = (
				FCFB8BA72029DC8B0067714C /* Base */,
			);
			name = LaunchScreen.storyboard;
			sourceTree = "<group>";
		};
/* End PBXVariantGroup section */

/* Begin XCBuildConfiguration section */
		FCFB8BAA2029DC8B0067714C /* Debug */ = {
			isa = XCBuildConfiguration;
			buildSettings = {
				ALWAYS_SEARCH_USER_PATHS = NO;
				CLANG_ANALYZER_NONNULL = YES;
				CLANG_ANALYZER_NUMBER_OBJECT_CONVERSION = YES_AGGRESSIVE;
				CLANG_CXX_LANGUAGE_STANDARD = "gnu++14";
				CLANG_CXX_LIBRARY = "libc++";
				CLANG_ENABLE_MODULES = YES;
				CLANG_ENABLE_OBJC_ARC = YES;
				CLANG_WARN_BLOCK_CAPTURE_AUTORELEASING = YES;
				CLANG_WARN_BOOL_CONVERSION = YES;
				CLANG_WARN_COMMA = YES;
				CLANG_WARN_CONSTANT_CONVERSION = YES;
				CLANG_WARN_DIRECT_OBJC_ISA_USAGE = YES_ERROR;
				CLANG_WARN_DOCUMENTATION_COMMENTS = YES;
				CLANG_WARN_EMPTY_BODY = YES;
				CLANG_WARN_ENUM_CONVERSION = YES;
				CLANG_WARN_INFINITE_RECURSION = YES;
				CLANG_WARN_INT_CONVERSION = YES;
				CLANG_WARN_NON_LITERAL_NULL_CONVERSION = YES;
				CLANG_WARN_OBJC_LITERAL_CONVERSION = YES;
				CLANG_WARN_OBJC_ROOT_CLASS = YES_ERROR;
				CLANG_WARN_RANGE_LOOP_ANALYSIS = YES;
				CLANG_WARN_STRICT_PROTOTYPES = YES;
				CLANG_WARN_SUSPICIOUS_MOVE = YES;
				CLANG_WARN_UNGUARDED_AVAILABILITY = YES_AGGRESSIVE;
				CLANG_WARN_UNREACHABLE_CODE = YES;
				CLANG_WARN__DUPLICATE_METHOD_MATCH = YES;
				CODE_SIGN_IDENTITY = "iPhone Developer";
				COPY_PHASE_STRIP = NO;
				DEBUG_INFORMATION_FORMAT = dwarf;
				ENABLE_STRICT_OBJC_MSGSEND = YES;
				ENABLE_TESTABILITY = YES;
				GCC_C_LANGUAGE_STANDARD = gnu11;
				GCC_DYNAMIC_NO_PIC = NO;
				GCC_NO_COMMON_BLOCKS = YES;
				GCC_OPTIMIZATION_LEVEL = 0;
				GCC_PREPROCESSOR_DEFINITIONS = (
					"DEBUG=1",
					"$(inherited)",
				);
				GCC_WARN_64_TO_32_BIT_CONVERSION = YES;
				GCC_WARN_ABOUT_RETURN_TYPE = YES_ERROR;
				GCC_WARN_UNDECLARED_SELECTOR = YES;
				GCC_WARN_UNINITIALIZED_AUTOS = YES_AGGRESSIVE;
				GCC_WARN_UNUSED_FUNCTION = YES;
				GCC_WARN_UNUSED_VARIABLE = YES;
				IPHONEOS_DEPLOYMENT_TARGET = 11.2;
				MTL_ENABLE_DEBUG_INFO = YES;
				ONLY_ACTIVE_ARCH = YES;
				SDKROOT = iphoneos;
				SWIFT_ACTIVE_COMPILATION_CONDITIONS = DEBUG;
				SWIFT_OPTIMIZATION_LEVEL = "-Onone";
			};
			name = Debug;
		};
		FCFB8BAB2029DC8B0067714C /* Release */ = {
			isa = XCBuildConfiguration;
			buildSettings = {
				ALWAYS_SEARCH_USER_PATHS = NO;
				CLANG_ANALYZER_NONNULL = YES;
				CLANG_ANALYZER_NUMBER_OBJECT_CONVERSION = YES_AGGRESSIVE;
				CLANG_CXX_LANGUAGE_STANDARD = "gnu++14";
				CLANG_CXX_LIBRARY = "libc++";
				CLANG_ENABLE_MODULES = YES;
				CLANG_ENABLE_OBJC_ARC = YES;
				CLANG_WARN_BLOCK_CAPTURE_AUTORELEASING = YES;
				CLANG_WARN_BOOL_CONVERSION = YES;
				CLANG_WARN_COMMA = YES;
				CLANG_WARN_CONSTANT_CONVERSION = YES;
				CLANG_WARN_DIRECT_OBJC_ISA_USAGE = YES_ERROR;
				CLANG_WARN_DOCUMENTATION_COMMENTS = YES;
				CLANG_WARN_EMPTY_BODY = YES;
				CLANG_WARN_ENUM_CONVERSION = YES;
				CLANG_WARN_INFINITE_RECURSION = YES;
				CLANG_WARN_INT_CONVERSION = YES;
				CLANG_WARN_NON_LITERAL_NULL_CONVERSION = YES;
				CLANG_WARN_OBJC_LITERAL_CONVERSION = YES;
				CLANG_WARN_OBJC_ROOT_CLASS = YES_ERROR;
				CLANG_WARN_RANGE_LOOP_ANALYSIS = YES;
				CLANG_WARN_STRICT_PROTOTYPES = YES;
				CLANG_WARN_SUSPICIOUS_MOVE = YES;
				CLANG_WARN_UNGUARDED_AVAILABILITY = YES_AGGRESSIVE;
				CLANG_WARN_UNREACHABLE_CODE = YES;
				CLANG_WARN__DUPLICATE_METHOD_MATCH = YES;
				CODE_SIGN_IDENTITY = "iPhone Developer";
				COPY_PHASE_STRIP = NO;
				DEBUG_INFORMATION_FORMAT = "dwarf-with-dsym";
				ENABLE_NS_ASSERTIONS = NO;
				ENABLE_STRICT_OBJC_MSGSEND = YES;
				GCC_C_LANGUAGE_STANDARD = gnu11;
				GCC_NO_COMMON_BLOCKS = YES;
				GCC_WARN_64_TO_32_BIT_CONVERSION = YES;
				GCC_WARN_ABOUT_RETURN_TYPE = YES_ERROR;
				GCC_WARN_UNDECLARED_SELECTOR = YES;
				GCC_WARN_UNINITIALIZED_AUTOS = YES_AGGRESSIVE;
				GCC_WARN_UNUSED_FUNCTION = YES;
				GCC_WARN_UNUSED_VARIABLE = YES;
				IPHONEOS_DEPLOYMENT_TARGET = 11.2;
				MTL_ENABLE_DEBUG_INFO = NO;
				SDKROOT = iphoneos;
				SWIFT_OPTIMIZATION_LEVEL = "-Owholemodule";
				VALIDATE_PRODUCT = YES;
			};
			name = Release;
		};
		FCFB8BAD2029DC8B0067714C /* Debug */ = {
			isa = XCBuildConfiguration;
			buildSettings = {
				ASSETCATALOG_COMPILER_APPICON_NAME = AppIcon;
				CODE_SIGN_STYLE = Automatic;
				DEVELOPMENT_TEAM = JYPM8YD665;
				INFOPLIST_FILE = pokedex/Info.plist;
				LD_RUNPATH_SEARCH_PATHS = "$(inherited) @executable_path/Frameworks";
				PRODUCT_BUNDLE_IDENTIFIER = tm.pokedex;
				PRODUCT_NAME = "$(TARGET_NAME)";
				SWIFT_VERSION = 4.0;
				TARGETED_DEVICE_FAMILY = "1,2";
			};
			name = Debug;
		};
		FCFB8BAE2029DC8B0067714C /* Release */ = {
			isa = XCBuildConfiguration;
			buildSettings = {
				ASSETCATALOG_COMPILER_APPICON_NAME = AppIcon;
				CODE_SIGN_STYLE = Automatic;
				DEVELOPMENT_TEAM = JYPM8YD665;
				INFOPLIST_FILE = pokedex/Info.plist;
				LD_RUNPATH_SEARCH_PATHS = "$(inherited) @executable_path/Frameworks";
				PRODUCT_BUNDLE_IDENTIFIER = tm.pokedex;
				PRODUCT_NAME = "$(TARGET_NAME)";
				SWIFT_VERSION = 4.0;
				TARGETED_DEVICE_FAMILY = "1,2";
			};
			name = Release;
		};
/* End XCBuildConfiguration section */

/* Begin XCConfigurationList section */
		FCFB8B952029DC8B0067714C /* Build configuration list for PBXProject "pokedex" */ = {
			isa = XCConfigurationList;
			buildConfigurations = (
				FCFB8BAA2029DC8B0067714C /* Debug */,
				FCFB8BAB2029DC8B0067714C /* Release */,
			);
			defaultConfigurationIsVisible = 0;
			defaultConfigurationName = Release;
		};
		FCFB8BAC2029DC8B0067714C /* Build configuration list for PBXNativeTarget "pokedex" */ = {
			isa = XCConfigurationList;
			buildConfigurations = (
				FCFB8BAD2029DC8B0067714C /* Debug */,
				FCFB8BAE2029DC8B0067714C /* Release */,
			);
			defaultConfigurationIsVisible = 0;
			defaultConfigurationName = Release;
		};
/* End XCConfigurationList section */
	};
	rootObject = FCFB8B922029DC8B0067714C /* Project object */;
}
